
Microsoft Visual Studio Solution File, Format Version 12.00
# Visual Studio Version 16
VisualStudioVersion = 16.0.30804.86
MinimumVisualStudioVersion = 10.0.40219.1
Project("{9A19103F-16F7-4668-BE54-9A1E7A4F7556}") = "ValhallaLootList.Server", "src\Server\ValhallaLootList.Server.csproj", "{1944253D-1B64-4F32-90C6-B0E096CD0D83}"
EndProject
Project("{9A19103F-16F7-4668-BE54-9A1E7A4F7556}") = "ValhallaLootList.Client", "src\Client\ValhallaLootList.Client.csproj", "{AEE9E97F-F020-4F56-9C5B-7CEF2CD4E5B5}"
EndProject
Project("{9A19103F-16F7-4668-BE54-9A1E7A4F7556}") = "ValhallaLootList.Shared", "src\Shared\ValhallaLootList.Shared.csproj", "{235034AF-95C5-437F-9D6F-E437144332E0}"
EndProject
Project("{2150E333-8FDC-42A3-9474-1A3956D46DE8}") = "Solution Items", "Solution Items", "{DFD128CE-9F14-4408-A4B1-78EC2AA3AFC7}"
	ProjectSection(SolutionItems) = preProject
		Directory.Build.props = Directory.Build.props
		src\seed.instances.json = src\seed.instances.json
		src\seed.items.json = src\seed.items.json
	EndProjectSection
EndProject
Project("{2150E333-8FDC-42A3-9474-1A3956D46DE8}") = "Tools", "Tools", "{4F0534C3-DE91-4933-9B7E-BF3B6FAE3D7F}"
EndProject
Project("{9A19103F-16F7-4668-BE54-9A1E7A4F7556}") = "ValhallaLootList.SeedAndMigrate", "src\SeedAndMigrate\ValhallaLootList.SeedAndMigrate.csproj", "{2D1E16A6-42BF-4D86-90C3-EF8F0C6E0A49}"
EndProject
Project("{9A19103F-16F7-4668-BE54-9A1E7A4F7556}") = "ValhallaLootList.Minify", "src\Minify\ValhallaLootList.Minify.csproj", "{6693FEFD-C156-4925-A36A-FB396BAFEAB2}"
EndProject
Global
	GlobalSection(SolutionConfigurationPlatforms) = preSolution
		Debug|Any CPU = Debug|Any CPU
		Release|Any CPU = Release|Any CPU
	EndGlobalSection
	GlobalSection(ProjectConfigurationPlatforms) = postSolution
		{1944253D-1B64-4F32-90C6-B0E096CD0D83}.Debug|Any CPU.ActiveCfg = Debug|Any CPU
		{1944253D-1B64-4F32-90C6-B0E096CD0D83}.Debug|Any CPU.Build.0 = Debug|Any CPU
		{1944253D-1B64-4F32-90C6-B0E096CD0D83}.Release|Any CPU.ActiveCfg = Release|Any CPU
		{1944253D-1B64-4F32-90C6-B0E096CD0D83}.Release|Any CPU.Build.0 = Release|Any CPU
		{AEE9E97F-F020-4F56-9C5B-7CEF2CD4E5B5}.Debug|Any CPU.ActiveCfg = Debug|Any CPU
		{AEE9E97F-F020-4F56-9C5B-7CEF2CD4E5B5}.Debug|Any CPU.Build.0 = Debug|Any CPU
		{AEE9E97F-F020-4F56-9C5B-7CEF2CD4E5B5}.Release|Any CPU.ActiveCfg = Release|Any CPU
		{AEE9E97F-F020-4F56-9C5B-7CEF2CD4E5B5}.Release|Any CPU.Build.0 = Release|Any CPU
		{235034AF-95C5-437F-9D6F-E437144332E0}.Debug|Any CPU.ActiveCfg = Debug|Any CPU
		{235034AF-95C5-437F-9D6F-E437144332E0}.Debug|Any CPU.Build.0 = Debug|Any CPU
		{235034AF-95C5-437F-9D6F-E437144332E0}.Release|Any CPU.ActiveCfg = Release|Any CPU
		{235034AF-95C5-437F-9D6F-E437144332E0}.Release|Any CPU.Build.0 = Release|Any CPU
		{2D1E16A6-42BF-4D86-90C3-EF8F0C6E0A49}.Debug|Any CPU.ActiveCfg = Debug|Any CPU
		{2D1E16A6-42BF-4D86-90C3-EF8F0C6E0A49}.Debug|Any CPU.Build.0 = Debug|Any CPU
		{2D1E16A6-42BF-4D86-90C3-EF8F0C6E0A49}.Release|Any CPU.ActiveCfg = Release|Any CPU
		{2D1E16A6-42BF-4D86-90C3-EF8F0C6E0A49}.Release|Any CPU.Build.0 = Release|Any CPU
		{6693FEFD-C156-4925-A36A-FB396BAFEAB2}.Debug|Any CPU.ActiveCfg = Debug|Any CPU
		{6693FEFD-C156-4925-A36A-FB396BAFEAB2}.Debug|Any CPU.Build.0 = Debug|Any CPU
		{6693FEFD-C156-4925-A36A-FB396BAFEAB2}.Release|Any CPU.ActiveCfg = Release|Any CPU
		{6693FEFD-C156-4925-A36A-FB396BAFEAB2}.Release|Any CPU.Build.0 = Release|Any CPU
	EndGlobalSection
	GlobalSection(SolutionProperties) = preSolution
		HideSolutionNode = FALSE
	EndGlobalSection
	GlobalSection(NestedProjects) = preSolution
		{2D1E16A6-42BF-4D86-90C3-EF8F0C6E0A49} = {4F0534C3-DE91-4933-9B7E-BF3B6FAE3D7F}
		{6693FEFD-C156-4925-A36A-FB396BAFEAB2} = {4F0534C3-DE91-4933-9B7E-BF3B6FAE3D7F}
	EndGlobalSection
	GlobalSection(ExtensibilityGlobals) = postSolution
		SolutionGuid = {B16C1DAE-97D1-4062-9B69-39A60B065E07}
	EndGlobalSection
EndGlobal
